
Microsoft Visual Studio Solution File, Format Version 12.00
# Visual Studio Version 17
VisualStudioVersion = 17.4.33213.308
MinimumVisualStudioVersion = 10.0.40219.1
Project("{FAE04EC0-301F-11D3-BF4B-00C04F79EFBC}") = "Araç", "Araç\Araç.csproj", "{3EF0AB86-4D39-4A1F-BF8D-5B030E57A35A}"
EndProject
Global
	GlobalSection(SolutionConfigurationPlatforms) = preSolution
		Debug|Any CPU = Debug|Any CPU
		Release|Any CPU = Release|Any CPU
	EndGlobalSection
	GlobalSection(ProjectConfigurationPlatforms) = postSolution
		{3EF0AB86-4D39-4A1F-BF8D-5B030E57A35A}.Debug|Any CPU.ActiveCfg = Debug|Any CPU
		{3EF0AB86-4D39-4A1F-BF8D-5B030E57A35A}.Debug|Any CPU.Build.0 = Debug|Any CPU
		{3EF0AB86-4D39-4A1F-BF8D-5B030E57A35A}.Release|Any CPU.ActiveCfg = Release|Any CPU
		{3EF0AB86-4D39-4A1F-BF8D-5B030E57A35A}.Release|Any CPU.Build.0 = Release|Any CPU
	EndGlobalSection
	GlobalSection(SolutionProperties) = preSolution
		HideSolutionNode = FALSE
	EndGlobalSection
	GlobalSection(ExtensibilityGlobals) = postSolution
		SolutionGuid = {560A1D1F-8C00-4F70-941C-ABCF444ACC0E}
	EndGlobalSection
EndGlobal
